
Microsoft Visual Studio Solution File, Format Version 12.00
# Visual Studio 15
VisualStudioVersion = 15.0.26228.4
MinimumVisualStudioVersion = 10.0.40219.1
Project("{9A19103F-16F7-4668-BE54-9A1E7A4F7556}") = "cashnflow", "cashnflow.spa/cashnflow.csproj", "{AEDC59AC-F13B-4252-8952-9F8F365368CB}"
EndProject
Global
	GlobalSection(SolutionConfigurationPlatforms) = preSolution
		Debug|Any CPU = Debug|Any CPU
		Release|Any CPU = Release|Any CPU
	EndGlobalSection
	GlobalSection(ProjectConfigurationPlatforms) = postSolution
		{AEDC59AC-F13B-4252-8952-9F8F365368CB}.Debug|Any CPU.ActiveCfg = Debug|Any CPU
		{AEDC59AC-F13B-4252-8952-9F8F365368CB}.Debug|Any CPU.Build.0 = Debug|Any CPU
		{AEDC59AC-F13B-4252-8952-9F8F365368CB}.Release|Any CPU.ActiveCfg = Release|Any CPU
		{AEDC59AC-F13B-4252-8952-9F8F365368CB}.Release|Any CPU.Build.0 = Release|Any CPU
	EndGlobalSection
	GlobalSection(SolutionProperties) = preSolution
		HideSolutionNode = FALSE
	EndGlobalSection
EndGlobal
